 # --------------- Insurance Score Override ------------------

InsuranceScoreOverride920: {
  ReportsTab: {
    InsuranceScoreOverride: {
      Action: '',
      EditInsuranceScoreDialog: {
        Score after override: '920',
        Reason for override: 'Fair Credit Reporting Act Dispute',
        Save: ''
      }
    }
  }
  }

  InsuranceScoreOverride150: {
    ReportsTab: {
      InsuranceScoreOverride: {
        Action: '',
        EditInsuranceScoreDialog: {
          Score after override: '150',
          Reason for override: 'Fair Credit Reporting Act Dispute',
          Save: ''
        }
      }
    }
    }