TestData: {
    Age First Licensed: 18,
    License Number: A1483465,
    License State: 'CA',
    #Date of Birth: '01/01/1978',
    ActivityInformation: ['@ActivityCC', '@ActivityCC', '@ActivityNAF', '@ActivityNAF']
}

ActivityCC: {
  'Activity Source': 'index=1',
  Type: 'Comprehensive Claim',
  Description: 'Comprehensive Claim',
  'Occurrence Date': '$<today-45d>',
  'Loss Payment Amount': '12000',
}

ActivityNAF: {
  'Activity Source': 'Customer Input',
  Type: 'Non-Fault Accident',
  Description: 'Accident (Not-At-Fault)',
  'Occurrence Date': '$<today-60d>',
}

#ASD Scenario
#################
RatingDetailReportsTab_ASD: {
  RatingDetailReportsTab : '@RatingDetailReportsTab'
}

RatingDetailReportsTab: {
  InsuranceScoreOverride: '@InsuranceScoreOverride_OverrideTo850'
}

InsuranceScoreOverride_OverrideTo850: {
    Action: Override Score,
    EditInsuranceScoreDialog: {
    New Score: '850',
    Reason for Override: 'Fair Credit Reporting Act Dispute',
    Save: 'click'
  }
}

#Override Errors DATA
#####################
OverrideErrors: {
  ErrorTab: '@ErrorTab_OverrideErrors',
}

ErrorTab_OverrideErrors: {
   ErrorsOverride: [{
    Message: "contains=Current CLUE must be ordered",
    Override: 'true',
    Approval: 'true',
    Duration: Life,
    Reason for override: 'Other'
   }]
}